// !$*UTF8*$!
{
	archiveVersion = 1;
	classes = {
	};
	objectVersion = 50;
	objects = {

/* Begin PBXBuildFile section */
		D689CD6426010D0600DF4E61 /* testComputeUnit.mm in Sources */ = {isa = PBXBuildFile; fileRef = D689CD6326010D0600DF4E61 /* testComputeUnit.mm */; };
		D6930C67261366B4004245CB /* testJsonFiles.mm in Sources */ = {isa = PBXBuildFile; fileRef = D6930C66261366B4004245CB /* testJsonFiles.mm */; };
		D6E5C74225EE184B0067FDE1 /* test.cpp in Sources */ = {isa = PBXBuildFile; fileRef = D6E5C72425EE184B0067FDE1 /* test.cpp */; };
		D6E5C74425EE184B0067FDE1 /* main.cpp in Sources */ = {isa = PBXBuildFile; fileRef = D6E5C73E25EE184B0067FDE1 /* main.cpp */; };
		D6E5C74525EE184B0067FDE1 /* jsoncpp.cpp in Sources */ = {isa = PBXBuildFile; fileRef = D6E5C73F25EE184B0067FDE1 /* jsoncpp.cpp */; };
/* End PBXBuildFile section */

/* Begin PBXCopyFilesBuildPhase section */
		D698D753257D036500A3BFD2 /* CopyFiles */ = {
			isa = PBXCopyFilesBuildPhase;
			buildActionMask = 2147483647;
			dstPath = /usr/share/man/man1/;
			dstSubfolderSpec = 0;
			files = (
			);
			runOnlyForDeploymentPostprocessing = 1;
		};
/* End PBXCopyFilesBuildPhase section */

/* Begin PBXFileReference section */
		D689CD6126010D0600DF4E61 /* testComputeUnit.xctest */ = {isa = PBXFileReference; explicitFileType = wrapper.cfbundle; includeInIndex = 0; path = testComputeUnit.xctest; sourceTree = BUILT_PRODUCTS_DIR; };
		D689CD6326010D0600DF4E61 /* testComputeUnit.mm */ = {isa = PBXFileReference; lastKnownFileType = sourcecode.cpp.objcpp; path = testComputeUnit.mm; sourceTree = "<group>"; };
		D689CD6526010D0600DF4E61 /* Info.plist */ = {isa = PBXFileReference; lastKnownFileType = text.plist.xml; path = Info.plist; sourceTree = "<group>"; };
		D6930C66261366B4004245CB /* testJsonFiles.mm */ = {isa = PBXFileReference; fileEncoding = 4; lastKnownFileType = sourcecode.cpp.objcpp; path = testJsonFiles.mm; sourceTree = "<group>"; };
		D698D755257D036500A3BFD2 /* tdLBCpp */ = {isa = PBXFileReference; explicitFileType = "compiled.mach-o.executable"; includeInIndex = 0; path = tdLBCpp; sourceTree = BUILT_PRODUCTS_DIR; };
		D6ACCEF325F60FEA00705722 /* GlobalStructures.hpp */ = {isa = PBXFileReference; lastKnownFileType = sourcecode.cpp.h; path = GlobalStructures.hpp; sourceTree = "<group>"; };
		D6E5C5BB25DBEC0B0067FDE1 /* RushtonTurbine.hpp */ = {isa = PBXFileReference; fileEncoding = 4; lastKnownFileType = sourcecode.cpp.h; path = RushtonTurbine.hpp; sourceTree = "<group>"; };
		D6E5C5BD25DBEC0B0067FDE1 /* GeomMidPoint.hpp */ = {isa = PBXFileReference; fileEncoding = 4; lastKnownFileType = sourcecode.cpp.h; path = GeomMidPoint.hpp; sourceTree = "<group>"; };
		D6E5C72225EE184B0067FDE1 /* CMakeLists.txt */ = {isa = PBXFileReference; fileEncoding = 4; lastKnownFileType = text; path = CMakeLists.txt; sourceTree = "<group>"; };
		D6E5C72425EE184B0067FDE1 /* test.cpp */ = {isa = PBXFileReference; fileEncoding = 4; lastKnownFileType = sourcecode.cpp.cpp; path = test.cpp; sourceTree = "<group>"; };
		D6E5C72625EE184B0067FDE1 /* StreamingNieve.hpp */ = {isa = PBXFileReference; fileEncoding = 4; lastKnownFileType = sourcecode.cpp.h; path = StreamingNieve.hpp; sourceTree = "<group>"; };
		D6E5C72825EE184B0067FDE1 /* Header.h */ = {isa = PBXFileReference; fileEncoding = 4; lastKnownFileType = sourcecode.c.h; path = Header.h; sourceTree = "<group>"; };
		D6E5C72A25EE184B0067FDE1 /* cxxopts.hpp */ = {isa = PBXFileReference; fileEncoding = 4; lastKnownFileType = sourcecode.cpp.h; path = cxxopts.hpp; sourceTree = "<group>"; };
		D6E5C72B25EE184B0067FDE1 /* Boundary.hpp */ = {isa = PBXFileReference; fileEncoding = 4; lastKnownFileType = sourcecode.cpp.h; path = Boundary.hpp; sourceTree = "<group>"; };
		D6E5C72C25EE184B0067FDE1 /* QVec.hpp */ = {isa = PBXFileReference; fileEncoding = 4; lastKnownFileType = sourcecode.cpp.h; path = QVec.hpp; sourceTree = "<group>"; };
		D6E5C72E25EE184B0067FDE1 /* DiskOutputTree.h */ = {isa = PBXFileReference; fileEncoding = 4; lastKnownFileType = sourcecode.c.h; path = DiskOutputTree.h; sourceTree = "<group>"; };
		D6E5C73025EE184B0067FDE1 /* OutputConfig.h */ = {isa = PBXFileReference; fileEncoding = 4; lastKnownFileType = sourcecode.c.h; path = OutputConfig.h; sourceTree = "<group>"; };
		D6E5C73225EE184B0067FDE1 /* json.h */ = {isa = PBXFileReference; fileEncoding = 4; lastKnownFileType = sourcecode.c.h; path = json.h; sourceTree = "<group>"; };
		D6E5C73325EE184B0067FDE1 /* ComputeUnit.h */ = {isa = PBXFileReference; fileEncoding = 4; lastKnownFileType = sourcecode.c.h; path = ComputeUnit.h; sourceTree = "<group>"; };
		D6E5C73425EE184B0067FDE1 /* Flow.hpp */ = {isa = PBXFileReference; fileEncoding = 4; lastKnownFileType = sourcecode.cpp.h; path = Flow.hpp; sourceTree = "<group>"; };
		D6E5C73625EE184B0067FDE1 /* template.py */ = {isa = PBXFileReference; fileEncoding = 4; lastKnownFileType = text.script.python; path = template.py; sourceTree = "<group>"; };
		D6E5C73725EE184B0067FDE1 /* Output.hpp */ = {isa = PBXFileReference; fileEncoding = 4; lastKnownFileType = sourcecode.cpp.h; path = Output.hpp; sourceTree = "<group>"; };
		D6E5C73825EE184B0067FDE1 /* CollisionEgglesSomers.hpp */ = {isa = PBXFileReference; fileEncoding = 4; lastKnownFileType = sourcecode.cpp.h; path = CollisionEgglesSomers.hpp; sourceTree = "<group>"; };
		D6E5C73925EE184B0067FDE1 /* CollisionEntropic.hpp */ = {isa = PBXFileReference; fileEncoding = 4; lastKnownFileType = sourcecode.cpp.h; path = CollisionEntropic.hpp; sourceTree = "<group>"; };
		D6E5C73A25EE184B0067FDE1 /* StreamingEsoteric.hpp */ = {isa = PBXFileReference; fileEncoding = 4; lastKnownFileType = sourcecode.cpp.h; path = StreamingEsoteric.hpp; sourceTree = "<group>"; };
		D6E5C73B25EE184B0067FDE1 /* Grid.hpp */ = {isa = PBXFileReference; fileEncoding = 4; lastKnownFileType = sourcecode.cpp.h; path = Grid.hpp; sourceTree = "<group>"; };
		D6E5C73D25EE184B0067FDE1 /* Forcing.hpp */ = {isa = PBXFileReference; fileEncoding = 4; lastKnownFileType = sourcecode.cpp.h; path = Forcing.hpp; sourceTree = "<group>"; };
		D6E5C73E25EE184B0067FDE1 /* main.cpp */ = {isa = PBXFileReference; fileEncoding = 4; lastKnownFileType = sourcecode.cpp.cpp; path = main.cpp; sourceTree = "<group>"; };
		D6E5C73F25EE184B0067FDE1 /* jsoncpp.cpp */ = {isa = PBXFileReference; fileEncoding = 4; lastKnownFileType = sourcecode.cpp.cpp; path = jsoncpp.cpp; sourceTree = "<group>"; };
		D6E5C74125EE184B0067FDE1 /* ComputeUnit.hpp */ = {isa = PBXFileReference; fileEncoding = 4; lastKnownFileType = sourcecode.cpp.h; path = ComputeUnit.hpp; sourceTree = "<group>"; };
		D6E86A742600D86200534D6F /* GeomPolarLegacy.hpp */ = {isa = PBXFileReference; lastKnownFileType = sourcecode.cpp.h; path = GeomPolarLegacy.hpp; sourceTree = "<group>"; };
		D6F5334A2615819500A715C9 /* Running.hpp */ = {isa = PBXFileReference; fileEncoding = 4; lastKnownFileType = sourcecode.cpp.h; path = Running.hpp; sourceTree = "<group>"; };
		D6F5334D2615948E00A715C9 /* BinFile.hpp */ = {isa = PBXFileReference; fileEncoding = 4; lastKnownFileType = sourcecode.cpp.h; path = BinFile.hpp; sourceTree = "<group>"; };
		D6F533502615A0A000A715C9 /* ComputeUnitParams.hpp */ = {isa = PBXFileReference; fileEncoding = 4; lastKnownFileType = sourcecode.cpp.h; path = ComputeUnitParams.hpp; sourceTree = "<group>"; };
		D6F5335D2615E78B00A715C9 /* BUILD */ = {isa = PBXFileReference; fileEncoding = 4; lastKnownFileType = text; path = BUILD; sourceTree = "<group>"; };
		D6F5335E2615E84F00A715C9 /* BUILD */ = {isa = PBXFileReference; fileEncoding = 4; lastKnownFileType = text; path = BUILD; sourceTree = "<group>"; };
		D6F65EE125F5FBB90057F354 /* GlobalStructures.hpp */ = {isa = PBXFileReference; lastKnownFileType = sourcecode.cpp.h; path = GlobalStructures.hpp; sourceTree = "<group>"; };
/* End PBXFileReference section */

/* Begin PBXFrameworksBuildPhase section */
		D689CD5E26010D0600DF4E61 /* Frameworks */ = {
			isa = PBXFrameworksBuildPhase;
			buildActionMask = 2147483647;
			files = (
			);
			runOnlyForDeploymentPostprocessing = 0;
		};
		D698D752257D036500A3BFD2 /* Frameworks */ = {
			isa = PBXFrameworksBuildPhase;
			buildActionMask = 2147483647;
			files = (
			);
			runOnlyForDeploymentPostprocessing = 0;
		};
/* End PBXFrameworksBuildPhase section */

/* Begin PBXGroup section */
		D689CD6226010D0600DF4E61 /* testComputeUnit */ = {
			isa = PBXGroup;
			children = (
				D689CD6326010D0600DF4E61 /* testComputeUnit.mm */,
				D6930C66261366B4004245CB /* testJsonFiles.mm */,
				D689CD6526010D0600DF4E61 /* Info.plist */,
			);
			path = testComputeUnit;
			sourceTree = "<group>";
		};
		D698D74C257D036500A3BFD2 = {
			isa = PBXGroup;
			children = (
				D6E5C72125EE184B0067FDE1 /* tdlbcpp */,
				D6E5C5A925DBEC0A0067FDE1 /* tdLBGeometryRushtonTurbineLib */,
				D689CD6226010D0600DF4E61 /* testComputeUnit */,
				D698D756257D036500A3BFD2 /* Products */,
			);
			sourceTree = "<group>";
		};
		D698D756257D036500A3BFD2 /* Products */ = {
			isa = PBXGroup;
			children = (
				D698D755257D036500A3BFD2 /* tdLBCpp */,
				D689CD6126010D0600DF4E61 /* testComputeUnit.xctest */,
			);
			name = Products;
			sourceTree = "<group>";
		};
		D6E5C5A925DBEC0A0067FDE1 /* tdLBGeometryRushtonTurbineLib */ = {
			isa = PBXGroup;
			children = (
				D6E5C5B925DBEC0B0067FDE1 /* Sources */,
			);
			path = tdLBGeometryRushtonTurbineLib;
			sourceTree = "<group>";
		};
		D6E5C5B925DBEC0B0067FDE1 /* Sources */ = {
			isa = PBXGroup;
			children = (
				D6E5C5BA25DBEC0B0067FDE1 /* tdLBGeometryRushtonTurbineLibCPP */,
			);
			path = Sources;
			sourceTree = "<group>";
		};
		D6E5C5BA25DBEC0B0067FDE1 /* tdLBGeometryRushtonTurbineLibCPP */ = {
			isa = PBXGroup;
			children = (
				D6E86A742600D86200534D6F /* GeomPolarLegacy.hpp */,
				D6F65EE125F5FBB90057F354 /* GlobalStructures.hpp */,
				D6E5C5BB25DBEC0B0067FDE1 /* RushtonTurbine.hpp */,
				D6E5C5BD25DBEC0B0067FDE1 /* GeomMidPoint.hpp */,
			);
			path = tdLBGeometryRushtonTurbineLibCPP;
			sourceTree = "<group>";
		};
		D6E5C72125EE184B0067FDE1 /* tdlbcpp */ = {
			isa = PBXGroup;
			children = (
				D6E5C72225EE184B0067FDE1 /* CMakeLists.txt */,
				D6E5C72325EE184B0067FDE1 /* tests */,
				D6E5C72525EE184B0067FDE1 /* src */,
			);
			path = tdlbcpp;
			sourceTree = "<group>";
		};
		D6E5C72325EE184B0067FDE1 /* tests */ = {
			isa = PBXGroup;
			children = (
				D6E5C72425EE184B0067FDE1 /* test.cpp */,
			);
			path = tests;
			sourceTree = "<group>";
		};
		D6E5C72525EE184B0067FDE1 /* src */ = {
			isa = PBXGroup;
			children = (
				D6F5335D2615E78B00A715C9 /* BUILD */,
				D6F533492615815D00A715C9 /* Params */,
				D6E5C72625EE184B0067FDE1 /* StreamingNieve.hpp */,
				D6E5C72825EE184B0067FDE1 /* Header.h */,
				D6E5C72A25EE184B0067FDE1 /* cxxopts.hpp */,
				D6E5C72B25EE184B0067FDE1 /* Boundary.hpp */,
				D6E5C72C25EE184B0067FDE1 /* QVec.hpp */,
				D6E5C72E25EE184B0067FDE1 /* DiskOutputTree.h */,
				D6E5C73025EE184B0067FDE1 /* OutputConfig.h */,
				D6E5C73325EE184B0067FDE1 /* ComputeUnit.h */,
				D6E5C73625EE184B0067FDE1 /* template.py */,
				D6E5C73725EE184B0067FDE1 /* Output.hpp */,
				D6E5C73825EE184B0067FDE1 /* CollisionEgglesSomers.hpp */,
				D6E5C73925EE184B0067FDE1 /* CollisionEntropic.hpp */,
				D6E5C73A25EE184B0067FDE1 /* StreamingEsoteric.hpp */,
				D6E5C73D25EE184B0067FDE1 /* Forcing.hpp */,
				D6E5C73E25EE184B0067FDE1 /* main.cpp */,
				D6ACCEF325F60FEA00705722 /* GlobalStructures.hpp */,
				D6E5C74125EE184B0067FDE1 /* ComputeUnit.hpp */,
			);
			path = src;
			sourceTree = "<group>";
		};
		D6F533492615815D00A715C9 /* Params */ = {
			isa = PBXGroup;
			children = (
				D6F5335E2615E84F00A715C9 /* BUILD */,
				D6E5C73225EE184B0067FDE1 /* json.h */,
				D6E5C73425EE184B0067FDE1 /* Flow.hpp */,
				D6E5C73B25EE184B0067FDE1 /* Grid.hpp */,
				D6F5334A2615819500A715C9 /* Running.hpp */,
				D6F5334D2615948E00A715C9 /* BinFile.hpp */,
				D6F533502615A0A000A715C9 /* ComputeUnitParams.hpp */,
				D6E5C73F25EE184B0067FDE1 /* jsoncpp.cpp */,
			);
			path = Params;
			sourceTree = "<group>";
		};
/* End PBXGroup section */

/* Begin PBXNativeTarget section */
		D689CD6026010D0600DF4E61 /* testComputeUnit */ = {
			isa = PBXNativeTarget;
			buildConfigurationList = D689CD6826010D0600DF4E61 /* Build configuration list for PBXNativeTarget "testComputeUnit" */;
			buildPhases = (
				D689CD5D26010D0600DF4E61 /* Sources */,
				D689CD5E26010D0600DF4E61 /* Frameworks */,
				D689CD5F26010D0600DF4E61 /* Resources */,
			);
			buildRules = (
			);
			dependencies = (
			);
			name = testComputeUnit;
			productName = testComputeUnit;
			productReference = D689CD6126010D0600DF4E61 /* testComputeUnit.xctest */;
			productType = "com.apple.product-type.bundle.unit-test";
		};
		D698D754257D036500A3BFD2 /* tdLBCpp */ = {
			isa = PBXNativeTarget;
			buildConfigurationList = D698D75C257D036600A3BFD2 /* Build configuration list for PBXNativeTarget "tdLBCpp" */;
			buildPhases = (
				D698D751257D036500A3BFD2 /* Sources */,
				D698D752257D036500A3BFD2 /* Frameworks */,
				D698D753257D036500A3BFD2 /* CopyFiles */,
			);
			buildRules = (
			);
			dependencies = (
			);
			name = tdLBCpp;
			productName = tdLBCpp;
			productReference = D698D755257D036500A3BFD2 /* tdLBCpp */;
			productType = "com.apple.product-type.tool";
		};
/* End PBXNativeTarget section */

/* Begin PBXProject section */
		D698D74D257D036500A3BFD2 /* Project object */ = {
			isa = PBXProject;
			attributes = {
				LastUpgradeCheck = 1240;
				TargetAttributes = {
					D689CD6026010D0600DF4E61 = {
						CreatedOnToolsVersion = 12.4;
					};
					D698D754257D036500A3BFD2 = {
						CreatedOnToolsVersion = 12.2;
					};
				};
			};
			buildConfigurationList = D698D750257D036500A3BFD2 /* Build configuration list for PBXProject "tdLBCpp" */;
			compatibilityVersion = "Xcode 9.3";
			developmentRegion = en;
			hasScannedForEncodings = 0;
			knownRegions = (
				en,
				Base,
			);
			mainGroup = D698D74C257D036500A3BFD2;
			productRefGroup = D698D756257D036500A3BFD2 /* Products */;
			projectDirPath = "";
			projectRoot = "";
			targets = (
				D698D754257D036500A3BFD2 /* tdLBCpp */,
				D689CD6026010D0600DF4E61 /* testComputeUnit */,
			);
		};
/* End PBXProject section */

/* Begin PBXResourcesBuildPhase section */
		D689CD5F26010D0600DF4E61 /* Resources */ = {
			isa = PBXResourcesBuildPhase;
			buildActionMask = 2147483647;
			files = (
			);
			runOnlyForDeploymentPostprocessing = 0;
		};
/* End PBXResourcesBuildPhase section */

/* Begin PBXSourcesBuildPhase section */
		D689CD5D26010D0600DF4E61 /* Sources */ = {
			isa = PBXSourcesBuildPhase;
			buildActionMask = 2147483647;
			files = (
				D689CD6426010D0600DF4E61 /* testComputeUnit.mm in Sources */,
				D6930C67261366B4004245CB /* testJsonFiles.mm in Sources */,
			);
			runOnlyForDeploymentPostprocessing = 0;
		};
		D698D751257D036500A3BFD2 /* Sources */ = {
			isa = PBXSourcesBuildPhase;
			buildActionMask = 2147483647;
			files = (
				D6E5C74225EE184B0067FDE1 /* test.cpp in Sources */,
				D6E5C74525EE184B0067FDE1 /* jsoncpp.cpp in Sources */,
				D6E5C74425EE184B0067FDE1 /* main.cpp in Sources */,
			);
			runOnlyForDeploymentPostprocessing = 0;
		};
/* End PBXSourcesBuildPhase section */

/* Begin XCBuildConfiguration section */
		D689CD6626010D0600DF4E61 /* Debug */ = {
			isa = XCBuildConfiguration;
			buildSettings = {
				CLANG_CXX_LANGUAGE_STANDARD = "c++0x";
				CLANG_CXX_LIBRARY = "libc++";
				CODE_SIGN_STYLE = Automatic;
				COMBINE_HIDPI_IMAGES = YES;
				DEVELOPMENT_TEAM = D77CH63CLG;
				INFOPLIST_FILE = testComputeUnit/Info.plist;
				LD_RUNPATH_SEARCH_PATHS = (
					"$(inherited)",
					"@executable_path/../Frameworks",
					"@loader_path/../Frameworks",
				);
				MACOSX_DEPLOYMENT_TARGET = 11.1;
				PRODUCT_BUNDLE_IDENTIFIER = "Turbulent-Dynamics.testComputeUnit";
				PRODUCT_NAME = "$(TARGET_NAME)";
			};
			name = Debug;
		};
		D689CD6726010D0600DF4E61 /* Release */ = {
			isa = XCBuildConfiguration;
			buildSettings = {
				CLANG_CXX_LANGUAGE_STANDARD = "c++0x";
				CLANG_CXX_LIBRARY = "libc++";
				CODE_SIGN_STYLE = Automatic;
				COMBINE_HIDPI_IMAGES = YES;
				DEVELOPMENT_TEAM = D77CH63CLG;
				INFOPLIST_FILE = testComputeUnit/Info.plist;
				LD_RUNPATH_SEARCH_PATHS = (
					"$(inherited)",
					"@executable_path/../Frameworks",
					"@loader_path/../Frameworks",
				);
				MACOSX_DEPLOYMENT_TARGET = 11.1;
				PRODUCT_BUNDLE_IDENTIFIER = "Turbulent-Dynamics.testComputeUnit";
				PRODUCT_NAME = "$(TARGET_NAME)";
			};
			name = Release;
		};
		D698D75A257D036600A3BFD2 /* Debug */ = {
			isa = XCBuildConfiguration;
			buildSettings = {
				ALWAYS_SEARCH_USER_PATHS = NO;
				CLANG_ANALYZER_NONNULL = YES;
				CLANG_ANALYZER_NUMBER_OBJECT_CONVERSION = YES_AGGRESSIVE;
				CLANG_CXX_LANGUAGE_STANDARD = "gnu++0x";
				CLANG_CXX_LIBRARY = "libc++";
				CLANG_ENABLE_MODULES = YES;
				CLANG_ENABLE_OBJC_ARC = YES;
				CLANG_ENABLE_OBJC_WEAK = YES;
				CLANG_WARN_BLOCK_CAPTURE_AUTORELEASING = YES;
				CLANG_WARN_BOOL_CONVERSION = YES;
				CLANG_WARN_COMMA = YES;
				CLANG_WARN_CONSTANT_CONVERSION = YES;
				CLANG_WARN_DEPRECATED_OBJC_IMPLEMENTATIONS = YES;
				CLANG_WARN_DIRECT_OBJC_ISA_USAGE = YES_ERROR;
				CLANG_WARN_DOCUMENTATION_COMMENTS = YES;
				CLANG_WARN_EMPTY_BODY = YES;
				CLANG_WARN_ENUM_CONVERSION = YES;
				CLANG_WARN_INFINITE_RECURSION = YES;
				CLANG_WARN_INT_CONVERSION = YES;
				CLANG_WARN_NON_LITERAL_NULL_CONVERSION = YES;
				CLANG_WARN_OBJC_IMPLICIT_RETAIN_SELF = YES;
				CLANG_WARN_OBJC_LITERAL_CONVERSION = YES;
				CLANG_WARN_OBJC_ROOT_CLASS = YES_ERROR;
				CLANG_WARN_QUOTED_INCLUDE_IN_FRAMEWORK_HEADER = YES;
				CLANG_WARN_RANGE_LOOP_ANALYSIS = YES;
				CLANG_WARN_STRICT_PROTOTYPES = YES;
				CLANG_WARN_SUSPICIOUS_MOVE = YES;
				CLANG_WARN_UNGUARDED_AVAILABILITY = YES_AGGRESSIVE;
				CLANG_WARN_UNREACHABLE_CODE = YES;
				CLANG_WARN__DUPLICATE_METHOD_MATCH = YES;
				COPY_PHASE_STRIP = NO;
				DEBUG_INFORMATION_FORMAT = dwarf;
				ENABLE_STRICT_OBJC_MSGSEND = YES;
				ENABLE_TESTABILITY = YES;
				GCC_C_LANGUAGE_STANDARD = gnu11;
				GCC_DYNAMIC_NO_PIC = NO;
				GCC_NO_COMMON_BLOCKS = YES;
				GCC_OPTIMIZATION_LEVEL = 0;
				GCC_PREPROCESSOR_DEFINITIONS = (
					"DEBUG=1",
					"$(inherited)",
				);
				GCC_WARN_64_TO_32_BIT_CONVERSION = YES;
				GCC_WARN_ABOUT_RETURN_TYPE = YES_ERROR;
				GCC_WARN_UNDECLARED_SELECTOR = YES;
				GCC_WARN_UNINITIALIZED_AUTOS = YES_AGGRESSIVE;
				GCC_WARN_UNUSED_FUNCTION = YES;
				GCC_WARN_UNUSED_VARIABLE = YES;
				MACOSX_DEPLOYMENT_TARGET = 11.0;
				MTL_ENABLE_DEBUG_INFO = INCLUDE_SOURCE;
				MTL_FAST_MATH = YES;
				ONLY_ACTIVE_ARCH = YES;
				SDKROOT = macosx;
			};
			name = Debug;
		};
		D698D75B257D036600A3BFD2 /* Release */ = {
			isa = XCBuildConfiguration;
			buildSettings = {
				ALWAYS_SEARCH_USER_PATHS = NO;
				CLANG_ANALYZER_NONNULL = YES;
				CLANG_ANALYZER_NUMBER_OBJECT_CONVERSION = YES_AGGRESSIVE;
				CLANG_CXX_LANGUAGE_STANDARD = "gnu++0x";
				CLANG_CXX_LIBRARY = "libc++";
				CLANG_ENABLE_MODULES = YES;
				CLANG_ENABLE_OBJC_ARC = YES;
				CLANG_ENABLE_OBJC_WEAK = YES;
				CLANG_WARN_BLOCK_CAPTURE_AUTORELEASING = YES;
				CLANG_WARN_BOOL_CONVERSION = YES;
				CLANG_WARN_COMMA = YES;
				CLANG_WARN_CONSTANT_CONVERSION = YES;
				CLANG_WARN_DEPRECATED_OBJC_IMPLEMENTATIONS = YES;
				CLANG_WARN_DIRECT_OBJC_ISA_USAGE = YES_ERROR;
				CLANG_WARN_DOCUMENTATION_COMMENTS = YES;
				CLANG_WARN_EMPTY_BODY = YES;
				CLANG_WARN_ENUM_CONVERSION = YES;
				CLANG_WARN_INFINITE_RECURSION = YES;
				CLANG_WARN_INT_CONVERSION = YES;
				CLANG_WARN_NON_LITERAL_NULL_CONVERSION = YES;
				CLANG_WARN_OBJC_IMPLICIT_RETAIN_SELF = YES;
				CLANG_WARN_OBJC_LITERAL_CONVERSION = YES;
				CLANG_WARN_OBJC_ROOT_CLASS = YES_ERROR;
				CLANG_WARN_QUOTED_INCLUDE_IN_FRAMEWORK_HEADER = YES;
				CLANG_WARN_RANGE_LOOP_ANALYSIS = YES;
				CLANG_WARN_STRICT_PROTOTYPES = YES;
				CLANG_WARN_SUSPICIOUS_MOVE = YES;
				CLANG_WARN_UNGUARDED_AVAILABILITY = YES_AGGRESSIVE;
				CLANG_WARN_UNREACHABLE_CODE = YES;
				CLANG_WARN__DUPLICATE_METHOD_MATCH = YES;
				COPY_PHASE_STRIP = NO;
				DEBUG_INFORMATION_FORMAT = "dwarf-with-dsym";
				ENABLE_NS_ASSERTIONS = NO;
				ENABLE_STRICT_OBJC_MSGSEND = YES;
				GCC_C_LANGUAGE_STANDARD = gnu11;
				GCC_NO_COMMON_BLOCKS = YES;
				GCC_WARN_64_TO_32_BIT_CONVERSION = YES;
				GCC_WARN_ABOUT_RETURN_TYPE = YES_ERROR;
				GCC_WARN_UNDECLARED_SELECTOR = YES;
				GCC_WARN_UNINITIALIZED_AUTOS = YES_AGGRESSIVE;
				GCC_WARN_UNUSED_FUNCTION = YES;
				GCC_WARN_UNUSED_VARIABLE = YES;
				MACOSX_DEPLOYMENT_TARGET = 11.0;
				MTL_ENABLE_DEBUG_INFO = NO;
				MTL_FAST_MATH = YES;
				SDKROOT = macosx;
			};
			name = Release;
		};
		D698D75D257D036600A3BFD2 /* Debug */ = {
			isa = XCBuildConfiguration;
			buildSettings = {
				CODE_SIGN_IDENTITY = "-";
				CODE_SIGN_STYLE = Automatic;
				DEVELOPMENT_TEAM = D77CH63CLG;
				ENABLE_HARDENED_RUNTIME = YES;
				PRODUCT_NAME = "$(TARGET_NAME)";
			};
			name = Debug;
		};
		D698D75E257D036600A3BFD2 /* Release */ = {
			isa = XCBuildConfiguration;
			buildSettings = {
				CODE_SIGN_IDENTITY = "-";
				CODE_SIGN_STYLE = Automatic;
				DEVELOPMENT_TEAM = D77CH63CLG;
				ENABLE_HARDENED_RUNTIME = YES;
				PRODUCT_NAME = "$(TARGET_NAME)";
			};
			name = Release;
		};
/* End XCBuildConfiguration section */

/* Begin XCConfigurationList section */
		D689CD6826010D0600DF4E61 /* Build configuration list for PBXNativeTarget "testComputeUnit" */ = {
			isa = XCConfigurationList;
			buildConfigurations = (
				D689CD6626010D0600DF4E61 /* Debug */,
				D689CD6726010D0600DF4E61 /* Release */,
			);
			defaultConfigurationIsVisible = 0;
			defaultConfigurationName = Release;
		};
		D698D750257D036500A3BFD2 /* Build configuration list for PBXProject "tdLBCpp" */ = {
			isa = XCConfigurationList;
			buildConfigurations = (
				D698D75A257D036600A3BFD2 /* Debug */,
				D698D75B257D036600A3BFD2 /* Release */,
			);
			defaultConfigurationIsVisible = 0;
			defaultConfigurationName = Release;
		};
		D698D75C257D036600A3BFD2 /* Build configuration list for PBXNativeTarget "tdLBCpp" */ = {
			isa = XCConfigurationList;
			buildConfigurations = (
				D698D75D257D036600A3BFD2 /* Debug */,
				D698D75E257D036600A3BFD2 /* Release */,
			);
			defaultConfigurationIsVisible = 0;
			defaultConfigurationName = Release;
		};
/* End XCConfigurationList section */
	};
	rootObject = D698D74D257D036500A3BFD2 /* Project object */;
}
