// !$*UTF8*$!
{
	archiveVersion = 1;
	classes = {
	};
	objectVersion = 50;
	objects = {

/* Begin PBXBuildFile section */
		D6E5C74225EE184B0067FDE1 /* test.cpp in Sources */ = {isa = PBXBuildFile; fileRef = D6E5C72425EE184B0067FDE1 /* test.cpp */; };
		D6E5C74325EE184B0067FDE1 /* GeomPolarLegacy.cpp in Sources */ = {isa = PBXBuildFile; fileRef = D6E5C72925EE184B0067FDE1 /* GeomPolarLegacy.cpp */; };
		D6E5C74425EE184B0067FDE1 /* main.cpp in Sources */ = {isa = PBXBuildFile; fileRef = D6E5C73E25EE184B0067FDE1 /* main.cpp */; };
		D6E5C74525EE184B0067FDE1 /* jsoncpp.cpp in Sources */ = {isa = PBXBuildFile; fileRef = D6E5C73F25EE184B0067FDE1 /* jsoncpp.cpp */; };
/* End PBXBuildFile section */

/* Begin PBXCopyFilesBuildPhase section */
		D698D753257D036500A3BFD2 /* CopyFiles */ = {
			isa = PBXCopyFilesBuildPhase;
			buildActionMask = 2147483647;
			dstPath = /usr/share/man/man1/;
			dstSubfolderSpec = 0;
			files = (
			);
			runOnlyForDeploymentPostprocessing = 1;
		};
/* End PBXCopyFilesBuildPhase section */

/* Begin PBXFileReference section */
		D698D755257D036500A3BFD2 /* tdLBCpp */ = {isa = PBXFileReference; explicitFileType = "compiled.mach-o.executable"; includeInIndex = 0; path = tdLBCpp; sourceTree = BUILT_PRODUCTS_DIR; };
		D6E5C5BB25DBEC0B0067FDE1 /* RushtonTurbine.hpp */ = {isa = PBXFileReference; fileEncoding = 4; lastKnownFileType = sourcecode.cpp.h; path = RushtonTurbine.hpp; sourceTree = "<group>"; };
		D6E5C5BD25DBEC0B0067FDE1 /* GeomMidPoint.hpp */ = {isa = PBXFileReference; fileEncoding = 4; lastKnownFileType = sourcecode.cpp.h; path = GeomMidPoint.hpp; sourceTree = "<group>"; };
		D6E5C61225DD56F50067FDE1 /* GlobalStructures.hpp */ = {isa = PBXFileReference; fileEncoding = 4; lastKnownFileType = sourcecode.cpp.h; name = GlobalStructures.hpp; path = tdLBCppApi/include/GlobalStructures.hpp; sourceTree = "<group>"; };
		D6E5C61425DD580C0067FDE1 /* GlobalStructures.hpp */ = {isa = PBXFileReference; fileEncoding = 4; lastKnownFileType = sourcecode.cpp.h; name = GlobalStructures.hpp; path = tdLBCppApi/include/GlobalStructures.hpp; sourceTree = SOURCE_ROOT; };
		D6E5C72225EE184B0067FDE1 /* CMakeLists.txt */ = {isa = PBXFileReference; fileEncoding = 4; lastKnownFileType = text; path = CMakeLists.txt; sourceTree = "<group>"; };
		D6E5C72425EE184B0067FDE1 /* test.cpp */ = {isa = PBXFileReference; fileEncoding = 4; lastKnownFileType = sourcecode.cpp.cpp; path = test.cpp; sourceTree = "<group>"; };
		D6E5C72625EE184B0067FDE1 /* StreamingNieve.hpp */ = {isa = PBXFileReference; fileEncoding = 4; lastKnownFileType = sourcecode.cpp.h; path = StreamingNieve.hpp; sourceTree = "<group>"; };
		D6E5C72725EE184B0067FDE1 /* CMakeLists.txt */ = {isa = PBXFileReference; fileEncoding = 4; lastKnownFileType = text; path = CMakeLists.txt; sourceTree = "<group>"; };
		D6E5C72825EE184B0067FDE1 /* Header.h */ = {isa = PBXFileReference; fileEncoding = 4; lastKnownFileType = sourcecode.c.h; path = Header.h; sourceTree = "<group>"; };
		D6E5C72925EE184B0067FDE1 /* GeomPolarLegacy.cpp */ = {isa = PBXFileReference; fileEncoding = 4; lastKnownFileType = sourcecode.cpp.cpp; path = GeomPolarLegacy.cpp; sourceTree = "<group>"; };
		D6E5C72A25EE184B0067FDE1 /* cxxopts.hpp */ = {isa = PBXFileReference; fileEncoding = 4; lastKnownFileType = sourcecode.cpp.h; path = cxxopts.hpp; sourceTree = "<group>"; };
		D6E5C72B25EE184B0067FDE1 /* Boundary.hpp */ = {isa = PBXFileReference; fileEncoding = 4; lastKnownFileType = sourcecode.cpp.h; path = Boundary.hpp; sourceTree = "<group>"; };
		D6E5C72C25EE184B0067FDE1 /* QVec.hpp */ = {isa = PBXFileReference; fileEncoding = 4; lastKnownFileType = sourcecode.cpp.h; path = QVec.hpp; sourceTree = "<group>"; };
		D6E5C72E25EE184B0067FDE1 /* PlotDir.h */ = {isa = PBXFileReference; fileEncoding = 4; lastKnownFileType = sourcecode.c.h; path = PlotDir.h; sourceTree = "<group>"; };
		D6E5C72F25EE184B0067FDE1 /* QVecBinMeta.h */ = {isa = PBXFileReference; fileEncoding = 4; lastKnownFileType = sourcecode.c.h; path = QVecBinMeta.h; sourceTree = "<group>"; };
		D6E5C73025EE184B0067FDE1 /* OutputConfig.h */ = {isa = PBXFileReference; fileEncoding = 4; lastKnownFileType = sourcecode.c.h; path = OutputConfig.h; sourceTree = "<group>"; };
		D6E5C73125EE184B0067FDE1 /* PlotDirMeta.h */ = {isa = PBXFileReference; fileEncoding = 4; lastKnownFileType = sourcecode.c.h; path = PlotDirMeta.h; sourceTree = "<group>"; };
		D6E5C73225EE184B0067FDE1 /* json.h */ = {isa = PBXFileReference; fileEncoding = 4; lastKnownFileType = sourcecode.c.h; path = json.h; sourceTree = "<group>"; };
		D6E5C73325EE184B0067FDE1 /* ComputeUnit.h */ = {isa = PBXFileReference; fileEncoding = 4; lastKnownFileType = sourcecode.c.h; path = ComputeUnit.h; sourceTree = "<group>"; };
		D6E5C73425EE184B0067FDE1 /* FlowParams.hpp */ = {isa = PBXFileReference; fileEncoding = 4; lastKnownFileType = sourcecode.cpp.h; path = FlowParams.hpp; sourceTree = "<group>"; };
		D6E5C73525EE184B0067FDE1 /* BaseParams.h */ = {isa = PBXFileReference; fileEncoding = 4; lastKnownFileType = sourcecode.c.h; path = BaseParams.h; sourceTree = "<group>"; };
		D6E5C73625EE184B0067FDE1 /* template.py */ = {isa = PBXFileReference; fileEncoding = 4; lastKnownFileType = text.script.python; path = template.py; sourceTree = "<group>"; };
		D6E5C73725EE184B0067FDE1 /* Output.hpp */ = {isa = PBXFileReference; fileEncoding = 4; lastKnownFileType = sourcecode.cpp.h; path = Output.hpp; sourceTree = "<group>"; };
		D6E5C73825EE184B0067FDE1 /* CollisionEgglesSomers.hpp */ = {isa = PBXFileReference; fileEncoding = 4; lastKnownFileType = sourcecode.cpp.h; path = CollisionEgglesSomers.hpp; sourceTree = "<group>"; };
		D6E5C73925EE184B0067FDE1 /* CollisionEntropic.hpp */ = {isa = PBXFileReference; fileEncoding = 4; lastKnownFileType = sourcecode.cpp.h; path = CollisionEntropic.hpp; sourceTree = "<group>"; };
		D6E5C73A25EE184B0067FDE1 /* StreamingEsoteric.hpp */ = {isa = PBXFileReference; fileEncoding = 4; lastKnownFileType = sourcecode.cpp.h; path = StreamingEsoteric.hpp; sourceTree = "<group>"; };
		D6E5C73B25EE184B0067FDE1 /* GridParams.hpp */ = {isa = PBXFileReference; fileEncoding = 4; lastKnownFileType = sourcecode.cpp.h; path = GridParams.hpp; sourceTree = "<group>"; };
		D6E5C73C25EE184B0067FDE1 /* spack.yaml */ = {isa = PBXFileReference; fileEncoding = 4; lastKnownFileType = text.yaml; path = spack.yaml; sourceTree = "<group>"; };
		D6E5C73D25EE184B0067FDE1 /* Forcing.hpp */ = {isa = PBXFileReference; fileEncoding = 4; lastKnownFileType = sourcecode.cpp.h; path = Forcing.hpp; sourceTree = "<group>"; };
		D6E5C73E25EE184B0067FDE1 /* main.cpp */ = {isa = PBXFileReference; fileEncoding = 4; lastKnownFileType = sourcecode.cpp.cpp; path = main.cpp; sourceTree = "<group>"; };
		D6E5C73F25EE184B0067FDE1 /* jsoncpp.cpp */ = {isa = PBXFileReference; fileEncoding = 4; lastKnownFileType = sourcecode.cpp.cpp; path = jsoncpp.cpp; sourceTree = "<group>"; };
		D6E5C74025EE184B0067FDE1 /* GeomPolarLegacy.h */ = {isa = PBXFileReference; fileEncoding = 4; lastKnownFileType = sourcecode.c.h; path = GeomPolarLegacy.h; sourceTree = "<group>"; };
		D6E5C74125EE184B0067FDE1 /* ComputeUnit.hpp */ = {isa = PBXFileReference; fileEncoding = 4; lastKnownFileType = sourcecode.cpp.h; path = ComputeUnit.hpp; sourceTree = "<group>"; };
/* End PBXFileReference section */

/* Begin PBXFrameworksBuildPhase section */
		D698D752257D036500A3BFD2 /* Frameworks */ = {
			isa = PBXFrameworksBuildPhase;
			buildActionMask = 2147483647;
			files = (
			);
			runOnlyForDeploymentPostprocessing = 0;
		};
/* End PBXFrameworksBuildPhase section */

/* Begin PBXGroup section */
		D698D74C257D036500A3BFD2 = {
			isa = PBXGroup;
			children = (
				D6E5C72125EE184B0067FDE1 /* tdlbcpp */,
				D6E5C5F325DBEC380067FDE1 /* tdLBCppApi */,
				D6E5C5A925DBEC0A0067FDE1 /* tdLBGeometryRushtonTurbineLib */,
				D698D756257D036500A3BFD2 /* Products */,
			);
			sourceTree = "<group>";
		};
		D698D756257D036500A3BFD2 /* Products */ = {
			isa = PBXGroup;
			children = (
				D698D755257D036500A3BFD2 /* tdLBCpp */,
			);
			name = Products;
			sourceTree = "<group>";
		};
		D6E5C5A925DBEC0A0067FDE1 /* tdLBGeometryRushtonTurbineLib */ = {
			isa = PBXGroup;
			children = (
				D6E5C61225DD56F50067FDE1 /* GlobalStructures.hpp */,
				D6E5C5B925DBEC0B0067FDE1 /* Sources */,
			);
			path = tdLBGeometryRushtonTurbineLib;
			sourceTree = "<group>";
		};
		D6E5C5B925DBEC0B0067FDE1 /* Sources */ = {
			isa = PBXGroup;
			children = (
				D6E5C5BA25DBEC0B0067FDE1 /* tdLBGeometryRushtonTurbineLibCPP */,
			);
			path = Sources;
			sourceTree = "<group>";
		};
		D6E5C5BA25DBEC0B0067FDE1 /* tdLBGeometryRushtonTurbineLibCPP */ = {
			isa = PBXGroup;
			children = (
				D6E5C5BB25DBEC0B0067FDE1 /* RushtonTurbine.hpp */,
				D6E5C5BD25DBEC0B0067FDE1 /* GeomMidPoint.hpp */,
			);
			path = tdLBGeometryRushtonTurbineLibCPP;
			sourceTree = "<group>";
		};
		D6E5C5F325DBEC380067FDE1 /* tdLBCppApi */ = {
			isa = PBXGroup;
			children = (
				D6E5C5F425DBEC380067FDE1 /* include */,
			);
			name = tdLBCppApi;
			path = src/tdLBCppApi;
			sourceTree = "<group>";
		};
		D6E5C5F425DBEC380067FDE1 /* include */ = {
			isa = PBXGroup;
			children = (
				D6E5C61425DD580C0067FDE1 /* GlobalStructures.hpp */,
			);
			path = include;
			sourceTree = "<group>";
		};
		D6E5C72125EE184B0067FDE1 /* tdlbcpp */ = {
			isa = PBXGroup;
			children = (
				D6E5C72225EE184B0067FDE1 /* CMakeLists.txt */,
				D6E5C72325EE184B0067FDE1 /* tests */,
				D6E5C72525EE184B0067FDE1 /* src */,
			);
			path = tdlbcpp;
			sourceTree = "<group>";
		};
		D6E5C72325EE184B0067FDE1 /* tests */ = {
			isa = PBXGroup;
			children = (
				D6E5C72425EE184B0067FDE1 /* test.cpp */,
			);
			path = tests;
			sourceTree = "<group>";
		};
		D6E5C72525EE184B0067FDE1 /* src */ = {
			isa = PBXGroup;
			children = (
				D6E5C72625EE184B0067FDE1 /* StreamingNieve.hpp */,
				D6E5C72725EE184B0067FDE1 /* CMakeLists.txt */,
				D6E5C72825EE184B0067FDE1 /* Header.h */,
				D6E5C72925EE184B0067FDE1 /* GeomPolarLegacy.cpp */,
				D6E5C72A25EE184B0067FDE1 /* cxxopts.hpp */,
				D6E5C72B25EE184B0067FDE1 /* Boundary.hpp */,
				D6E5C72C25EE184B0067FDE1 /* QVec.hpp */,
				D6E5C72E25EE184B0067FDE1 /* PlotDir.h */,
				D6E5C72F25EE184B0067FDE1 /* QVecBinMeta.h */,
				D6E5C73025EE184B0067FDE1 /* OutputConfig.h */,
				D6E5C73125EE184B0067FDE1 /* PlotDirMeta.h */,
				D6E5C73225EE184B0067FDE1 /* json.h */,
				D6E5C73325EE184B0067FDE1 /* ComputeUnit.h */,
				D6E5C73425EE184B0067FDE1 /* FlowParams.hpp */,
				D6E5C73525EE184B0067FDE1 /* BaseParams.h */,
				D6E5C73625EE184B0067FDE1 /* template.py */,
				D6E5C73725EE184B0067FDE1 /* Output.hpp */,
				D6E5C73825EE184B0067FDE1 /* CollisionEgglesSomers.hpp */,
				D6E5C73925EE184B0067FDE1 /* CollisionEntropic.hpp */,
				D6E5C73A25EE184B0067FDE1 /* StreamingEsoteric.hpp */,
				D6E5C73B25EE184B0067FDE1 /* GridParams.hpp */,
				D6E5C73C25EE184B0067FDE1 /* spack.yaml */,
				D6E5C73D25EE184B0067FDE1 /* Forcing.hpp */,
				D6E5C73E25EE184B0067FDE1 /* main.cpp */,
				D6E5C73F25EE184B0067FDE1 /* jsoncpp.cpp */,
				D6E5C74025EE184B0067FDE1 /* GeomPolarLegacy.h */,
				D6E5C74125EE184B0067FDE1 /* ComputeUnit.hpp */,
			);
			path = src;
			sourceTree = "<group>";
		};
/* End PBXGroup section */

/* Begin PBXNativeTarget section */
		D698D754257D036500A3BFD2 /* tdLBCpp */ = {
			isa = PBXNativeTarget;
			buildConfigurationList = D698D75C257D036600A3BFD2 /* Build configuration list for PBXNativeTarget "tdLBCpp" */;
			buildPhases = (
				D698D751257D036500A3BFD2 /* Sources */,
				D698D752257D036500A3BFD2 /* Frameworks */,
				D698D753257D036500A3BFD2 /* CopyFiles */,
			);
			buildRules = (
			);
			dependencies = (
			);
			name = tdLBCpp;
			productName = tdLBCpp;
			productReference = D698D755257D036500A3BFD2 /* tdLBCpp */;
			productType = "com.apple.product-type.tool";
		};
/* End PBXNativeTarget section */

/* Begin PBXProject section */
		D698D74D257D036500A3BFD2 /* Project object */ = {
			isa = PBXProject;
			attributes = {
				LastUpgradeCheck = 1240;
				TargetAttributes = {
					D698D754257D036500A3BFD2 = {
						CreatedOnToolsVersion = 12.2;
					};
				};
			};
			buildConfigurationList = D698D750257D036500A3BFD2 /* Build configuration list for PBXProject "tdLBCpp" */;
			compatibilityVersion = "Xcode 9.3";
			developmentRegion = en;
			hasScannedForEncodings = 0;
			knownRegions = (
				en,
				Base,
			);
			mainGroup = D698D74C257D036500A3BFD2;
			productRefGroup = D698D756257D036500A3BFD2 /* Products */;
			projectDirPath = "";
			projectRoot = "";
			targets = (
				D698D754257D036500A3BFD2 /* tdLBCpp */,
			);
		};
/* End PBXProject section */

/* Begin PBXSourcesBuildPhase section */
		D698D751257D036500A3BFD2 /* Sources */ = {
			isa = PBXSourcesBuildPhase;
			buildActionMask = 2147483647;
			files = (
				D6E5C74225EE184B0067FDE1 /* test.cpp in Sources */,
				D6E5C74525EE184B0067FDE1 /* jsoncpp.cpp in Sources */,
				D6E5C74325EE184B0067FDE1 /* GeomPolarLegacy.cpp in Sources */,
				D6E5C74425EE184B0067FDE1 /* main.cpp in Sources */,
			);
			runOnlyForDeploymentPostprocessing = 0;
		};
/* End PBXSourcesBuildPhase section */

/* Begin XCBuildConfiguration section */
		D698D75A257D036600A3BFD2 /* Debug */ = {
			isa = XCBuildConfiguration;
			buildSettings = {
				ALWAYS_SEARCH_USER_PATHS = NO;
				CLANG_ANALYZER_NONNULL = YES;
				CLANG_ANALYZER_NUMBER_OBJECT_CONVERSION = YES_AGGRESSIVE;
				CLANG_CXX_LANGUAGE_STANDARD = "gnu++0x";
				CLANG_CXX_LIBRARY = "libc++";
				CLANG_ENABLE_MODULES = YES;
				CLANG_ENABLE_OBJC_ARC = YES;
				CLANG_ENABLE_OBJC_WEAK = YES;
				CLANG_WARN_BLOCK_CAPTURE_AUTORELEASING = YES;
				CLANG_WARN_BOOL_CONVERSION = YES;
				CLANG_WARN_COMMA = YES;
				CLANG_WARN_CONSTANT_CONVERSION = YES;
				CLANG_WARN_DEPRECATED_OBJC_IMPLEMENTATIONS = YES;
				CLANG_WARN_DIRECT_OBJC_ISA_USAGE = YES_ERROR;
				CLANG_WARN_DOCUMENTATION_COMMENTS = YES;
				CLANG_WARN_EMPTY_BODY = YES;
				CLANG_WARN_ENUM_CONVERSION = YES;
				CLANG_WARN_INFINITE_RECURSION = YES;
				CLANG_WARN_INT_CONVERSION = YES;
				CLANG_WARN_NON_LITERAL_NULL_CONVERSION = YES;
				CLANG_WARN_OBJC_IMPLICIT_RETAIN_SELF = YES;
				CLANG_WARN_OBJC_LITERAL_CONVERSION = YES;
				CLANG_WARN_OBJC_ROOT_CLASS = YES_ERROR;
				CLANG_WARN_QUOTED_INCLUDE_IN_FRAMEWORK_HEADER = YES;
				CLANG_WARN_RANGE_LOOP_ANALYSIS = YES;
				CLANG_WARN_STRICT_PROTOTYPES = YES;
				CLANG_WARN_SUSPICIOUS_MOVE = YES;
				CLANG_WARN_UNGUARDED_AVAILABILITY = YES_AGGRESSIVE;
				CLANG_WARN_UNREACHABLE_CODE = YES;
				CLANG_WARN__DUPLICATE_METHOD_MATCH = YES;
				COPY_PHASE_STRIP = NO;
				DEBUG_INFORMATION_FORMAT = dwarf;
				ENABLE_STRICT_OBJC_MSGSEND = YES;
				ENABLE_TESTABILITY = YES;
				GCC_C_LANGUAGE_STANDARD = gnu11;
				GCC_DYNAMIC_NO_PIC = NO;
				GCC_NO_COMMON_BLOCKS = YES;
				GCC_OPTIMIZATION_LEVEL = 0;
				GCC_PREPROCESSOR_DEFINITIONS = (
					"DEBUG=1",
					"$(inherited)",
				);
				GCC_WARN_64_TO_32_BIT_CONVERSION = YES;
				GCC_WARN_ABOUT_RETURN_TYPE = YES_ERROR;
				GCC_WARN_UNDECLARED_SELECTOR = YES;
				GCC_WARN_UNINITIALIZED_AUTOS = YES_AGGRESSIVE;
				GCC_WARN_UNUSED_FUNCTION = YES;
				GCC_WARN_UNUSED_VARIABLE = YES;
				MACOSX_DEPLOYMENT_TARGET = 11.0;
				MTL_ENABLE_DEBUG_INFO = INCLUDE_SOURCE;
				MTL_FAST_MATH = YES;
				ONLY_ACTIVE_ARCH = YES;
				SDKROOT = macosx;
			};
			name = Debug;
		};
		D698D75B257D036600A3BFD2 /* Release */ = {
			isa = XCBuildConfiguration;
			buildSettings = {
				ALWAYS_SEARCH_USER_PATHS = NO;
				CLANG_ANALYZER_NONNULL = YES;
				CLANG_ANALYZER_NUMBER_OBJECT_CONVERSION = YES_AGGRESSIVE;
				CLANG_CXX_LANGUAGE_STANDARD = "gnu++0x";
				CLANG_CXX_LIBRARY = "libc++";
				CLANG_ENABLE_MODULES = YES;
				CLANG_ENABLE_OBJC_ARC = YES;
				CLANG_ENABLE_OBJC_WEAK = YES;
				CLANG_WARN_BLOCK_CAPTURE_AUTORELEASING = YES;
				CLANG_WARN_BOOL_CONVERSION = YES;
				CLANG_WARN_COMMA = YES;
				CLANG_WARN_CONSTANT_CONVERSION = YES;
				CLANG_WARN_DEPRECATED_OBJC_IMPLEMENTATIONS = YES;
				CLANG_WARN_DIRECT_OBJC_ISA_USAGE = YES_ERROR;
				CLANG_WARN_DOCUMENTATION_COMMENTS = YES;
				CLANG_WARN_EMPTY_BODY = YES;
				CLANG_WARN_ENUM_CONVERSION = YES;
				CLANG_WARN_INFINITE_RECURSION = YES;
				CLANG_WARN_INT_CONVERSION = YES;
				CLANG_WARN_NON_LITERAL_NULL_CONVERSION = YES;
				CLANG_WARN_OBJC_IMPLICIT_RETAIN_SELF = YES;
				CLANG_WARN_OBJC_LITERAL_CONVERSION = YES;
				CLANG_WARN_OBJC_ROOT_CLASS = YES_ERROR;
				CLANG_WARN_QUOTED_INCLUDE_IN_FRAMEWORK_HEADER = YES;
				CLANG_WARN_RANGE_LOOP_ANALYSIS = YES;
				CLANG_WARN_STRICT_PROTOTYPES = YES;
				CLANG_WARN_SUSPICIOUS_MOVE = YES;
				CLANG_WARN_UNGUARDED_AVAILABILITY = YES_AGGRESSIVE;
				CLANG_WARN_UNREACHABLE_CODE = YES;
				CLANG_WARN__DUPLICATE_METHOD_MATCH = YES;
				COPY_PHASE_STRIP = NO;
				DEBUG_INFORMATION_FORMAT = "dwarf-with-dsym";
				ENABLE_NS_ASSERTIONS = NO;
				ENABLE_STRICT_OBJC_MSGSEND = YES;
				GCC_C_LANGUAGE_STANDARD = gnu11;
				GCC_NO_COMMON_BLOCKS = YES;
				GCC_WARN_64_TO_32_BIT_CONVERSION = YES;
				GCC_WARN_ABOUT_RETURN_TYPE = YES_ERROR;
				GCC_WARN_UNDECLARED_SELECTOR = YES;
				GCC_WARN_UNINITIALIZED_AUTOS = YES_AGGRESSIVE;
				GCC_WARN_UNUSED_FUNCTION = YES;
				GCC_WARN_UNUSED_VARIABLE = YES;
				MACOSX_DEPLOYMENT_TARGET = 11.0;
				MTL_ENABLE_DEBUG_INFO = NO;
				MTL_FAST_MATH = YES;
				SDKROOT = macosx;
			};
			name = Release;
		};
		D698D75D257D036600A3BFD2 /* Debug */ = {
			isa = XCBuildConfiguration;
			buildSettings = {
				CODE_SIGN_IDENTITY = "-";
				CODE_SIGN_STYLE = Automatic;
				DEVELOPMENT_TEAM = D77CH63CLG;
				ENABLE_HARDENED_RUNTIME = YES;
				PRODUCT_NAME = "$(TARGET_NAME)";
			};
			name = Debug;
		};
		D698D75E257D036600A3BFD2 /* Release */ = {
			isa = XCBuildConfiguration;
			buildSettings = {
				CODE_SIGN_IDENTITY = "-";
				CODE_SIGN_STYLE = Automatic;
				DEVELOPMENT_TEAM = D77CH63CLG;
				ENABLE_HARDENED_RUNTIME = YES;
				PRODUCT_NAME = "$(TARGET_NAME)";
			};
			name = Release;
		};
/* End XCBuildConfiguration section */

/* Begin XCConfigurationList section */
		D698D750257D036500A3BFD2 /* Build configuration list for PBXProject "tdLBCpp" */ = {
			isa = XCConfigurationList;
			buildConfigurations = (
				D698D75A257D036600A3BFD2 /* Debug */,
				D698D75B257D036600A3BFD2 /* Release */,
			);
			defaultConfigurationIsVisible = 0;
			defaultConfigurationName = Release;
		};
		D698D75C257D036600A3BFD2 /* Build configuration list for PBXNativeTarget "tdLBCpp" */ = {
			isa = XCConfigurationList;
			buildConfigurations = (
				D698D75D257D036600A3BFD2 /* Debug */,
				D698D75E257D036600A3BFD2 /* Release */,
			);
			defaultConfigurationIsVisible = 0;
			defaultConfigurationName = Release;
		};
/* End XCConfigurationList section */
	};
	rootObject = D698D74D257D036500A3BFD2 /* Project object */;
}
